
Microsoft Visual Studio Solution File, Format Version 12.00
# Visual Studio Version 17
VisualStudioVersion = 17.0.31903.59
MinimumVisualStudioVersion = 10.0.40219.1
Project("{2150E333-8FDC-42A3-9474-1A3956D46DE8}") = "src", "src", "{E1D683CA-DD7F-4589-BF9C-5C5A1BEF11ED}"
EndProject
Project("{FAE04EC0-301F-11D3-BF4B-00C04F79EFBC}") = "DropBox.Contracts", "src\DropBox.Contracts\DropBox.Contracts.csproj", "{FDAF9C14-C4F6-4BD0-B17D-ED99C20BB422}"
EndProject
Project("{FAE04EC0-301F-11D3-BF4B-00C04F79EFBC}") = "DropBox.Components", "src\DropBox.Components\DropBox.Components.csproj", "{9A40EA7D-35E0-431F-BE51-252C4A505D46}"
EndProject
Project("{FAE04EC0-301F-11D3-BF4B-00C04F79EFBC}") = "DropBox.Api", "src\DropBox.Api\DropBox.Api.csproj", "{F13D9317-265E-4A72-9966-B8722AC5F438}"
EndProject
Project("{2150E333-8FDC-42A3-9474-1A3956D46DE8}") = "DropBox", "DropBox", "{644AF7A6-687F-40F0-AA4E-4A6C4C8F2133}"
EndProject
Project("{2150E333-8FDC-42A3-9474-1A3956D46DE8}") = "Gateway", "Gateway", "{86757A6E-2B8C-4663-98AA-6FCD616F0C55}"
EndProject
Project("{2150E333-8FDC-42A3-9474-1A3956D46DE8}") = "src", "src", "{1B4D1535-9BFB-4DFF-BEA6-E8550BAD4205}"
EndProject
Project("{FAE04EC0-301F-11D3-BF4B-00C04F79EFBC}") = "Gateway.Api", "src\Gateway.Api\Gateway.Api.csproj", "{1EEF66E7-7403-4222-A56E-ABEFF1FA2EEF}"
EndProject
Project("{FAE04EC0-301F-11D3-BF4B-00C04F79EFBC}") = "DropBox.Worker", "src\DropBox.Worker\DropBox.Worker.csproj", "{23143D0C-3922-4B13-8223-898D31AEB948}"
EndProject
Project("{2150E333-8FDC-42A3-9474-1A3956D46DE8}") = ".build", ".build", "{FF18E5D8-C860-4004-AA7F-2835E004CB18}"
	ProjectSection(SolutionItems) = preProject
		docker-compose.yml = docker-compose.yml
	EndProjectSection
EndProject
Project("{FAE04EC0-301F-11D3-BF4B-00C04F79EFBC}") = "Gateway.Components", "src\Gateway.Components\Gateway.Components.csproj", "{1C1D7357-5147-4E2F-A197-239CFA778E38}"
EndProject
Project("{FAE04EC0-301F-11D3-BF4B-00C04F79EFBC}") = "Gateway.Contracts", "src\Gateway.Contracts\Gateway.Contracts.csproj", "{212E8DAF-AA8E-48B1-A2C2-5771C502112C}"
EndProject
Project("{FAE04EC0-301F-11D3-BF4B-00C04F79EFBC}") = "Gateway.Worker", "src\Gateway.Worker\Gateway.Worker.csproj", "{2D6CD70D-875C-4DDF-A1B5-B29C19C2A5CE}"
EndProject
Project("{2150E333-8FDC-42A3-9474-1A3956D46DE8}") = "Retry", "Retry", "{B99DE637-2F6E-4786-988C-C77200377C49}"
EndProject
Project("{2150E333-8FDC-42A3-9474-1A3956D46DE8}") = "src", "src", "{373B4C57-6779-4350-B2AF-5CB8D682A630}"
EndProject
Project("{2150E333-8FDC-42A3-9474-1A3956D46DE8}") = "tests", "tests", "{D00E718C-E5DB-4C6B-9C51-109E505995CF}"
EndProject
Project("{FAE04EC0-301F-11D3-BF4B-00C04F79EFBC}") = "Retry.Contracts", "src\Retry.Contracts\Retry.Contracts.csproj", "{E02D9E89-728C-4E55-8F80-FB261DC46CF2}"
EndProject
Project("{FAE04EC0-301F-11D3-BF4B-00C04F79EFBC}") = "Retry.Components", "src\Retry.Components\Retry.Components.csproj", "{81EC2B8D-4C3F-4A7C-A15A-37349F906881}"
EndProject
Project("{FAE04EC0-301F-11D3-BF4B-00C04F79EFBC}") = "Retry.Tests", "tests\Retry.Tests\Retry.Tests.csproj", "{B590B075-BDBA-4C8E-A2AA-17EFB8318211}"
EndProject
Global
	GlobalSection(SolutionConfigurationPlatforms) = preSolution
		Debug|Any CPU = Debug|Any CPU
		Release|Any CPU = Release|Any CPU
	EndGlobalSection
	GlobalSection(SolutionProperties) = preSolution
		HideSolutionNode = FALSE
	EndGlobalSection
	GlobalSection(ProjectConfigurationPlatforms) = postSolution
		{FDAF9C14-C4F6-4BD0-B17D-ED99C20BB422}.Debug|Any CPU.ActiveCfg = Debug|Any CPU
		{FDAF9C14-C4F6-4BD0-B17D-ED99C20BB422}.Debug|Any CPU.Build.0 = Debug|Any CPU
		{FDAF9C14-C4F6-4BD0-B17D-ED99C20BB422}.Release|Any CPU.ActiveCfg = Release|Any CPU
		{FDAF9C14-C4F6-4BD0-B17D-ED99C20BB422}.Release|Any CPU.Build.0 = Release|Any CPU
		{9A40EA7D-35E0-431F-BE51-252C4A505D46}.Debug|Any CPU.ActiveCfg = Debug|Any CPU
		{9A40EA7D-35E0-431F-BE51-252C4A505D46}.Debug|Any CPU.Build.0 = Debug|Any CPU
		{9A40EA7D-35E0-431F-BE51-252C4A505D46}.Release|Any CPU.ActiveCfg = Release|Any CPU
		{9A40EA7D-35E0-431F-BE51-252C4A505D46}.Release|Any CPU.Build.0 = Release|Any CPU
		{F13D9317-265E-4A72-9966-B8722AC5F438}.Debug|Any CPU.ActiveCfg = Debug|Any CPU
		{F13D9317-265E-4A72-9966-B8722AC5F438}.Debug|Any CPU.Build.0 = Debug|Any CPU
		{F13D9317-265E-4A72-9966-B8722AC5F438}.Release|Any CPU.ActiveCfg = Release|Any CPU
		{F13D9317-265E-4A72-9966-B8722AC5F438}.Release|Any CPU.Build.0 = Release|Any CPU
		{1EEF66E7-7403-4222-A56E-ABEFF1FA2EEF}.Debug|Any CPU.ActiveCfg = Debug|Any CPU
		{1EEF66E7-7403-4222-A56E-ABEFF1FA2EEF}.Debug|Any CPU.Build.0 = Debug|Any CPU
		{1EEF66E7-7403-4222-A56E-ABEFF1FA2EEF}.Release|Any CPU.ActiveCfg = Release|Any CPU
		{1EEF66E7-7403-4222-A56E-ABEFF1FA2EEF}.Release|Any CPU.Build.0 = Release|Any CPU
		{23143D0C-3922-4B13-8223-898D31AEB948}.Debug|Any CPU.ActiveCfg = Debug|Any CPU
		{23143D0C-3922-4B13-8223-898D31AEB948}.Debug|Any CPU.Build.0 = Debug|Any CPU
		{23143D0C-3922-4B13-8223-898D31AEB948}.Release|Any CPU.ActiveCfg = Release|Any CPU
		{23143D0C-3922-4B13-8223-898D31AEB948}.Release|Any CPU.Build.0 = Release|Any CPU
		{1C1D7357-5147-4E2F-A197-239CFA778E38}.Debug|Any CPU.ActiveCfg = Debug|Any CPU
		{1C1D7357-5147-4E2F-A197-239CFA778E38}.Debug|Any CPU.Build.0 = Debug|Any CPU
		{1C1D7357-5147-4E2F-A197-239CFA778E38}.Release|Any CPU.ActiveCfg = Release|Any CPU
		{1C1D7357-5147-4E2F-A197-239CFA778E38}.Release|Any CPU.Build.0 = Release|Any CPU
		{212E8DAF-AA8E-48B1-A2C2-5771C502112C}.Debug|Any CPU.ActiveCfg = Debug|Any CPU
		{212E8DAF-AA8E-48B1-A2C2-5771C502112C}.Debug|Any CPU.Build.0 = Debug|Any CPU
		{212E8DAF-AA8E-48B1-A2C2-5771C502112C}.Release|Any CPU.ActiveCfg = Release|Any CPU
		{212E8DAF-AA8E-48B1-A2C2-5771C502112C}.Release|Any CPU.Build.0 = Release|Any CPU
		{2D6CD70D-875C-4DDF-A1B5-B29C19C2A5CE}.Debug|Any CPU.ActiveCfg = Debug|Any CPU
		{2D6CD70D-875C-4DDF-A1B5-B29C19C2A5CE}.Debug|Any CPU.Build.0 = Debug|Any CPU
		{2D6CD70D-875C-4DDF-A1B5-B29C19C2A5CE}.Release|Any CPU.ActiveCfg = Release|Any CPU
		{2D6CD70D-875C-4DDF-A1B5-B29C19C2A5CE}.Release|Any CPU.Build.0 = Release|Any CPU
		{E02D9E89-728C-4E55-8F80-FB261DC46CF2}.Debug|Any CPU.ActiveCfg = Debug|Any CPU
		{E02D9E89-728C-4E55-8F80-FB261DC46CF2}.Debug|Any CPU.Build.0 = Debug|Any CPU
		{E02D9E89-728C-4E55-8F80-FB261DC46CF2}.Release|Any CPU.ActiveCfg = Release|Any CPU
		{E02D9E89-728C-4E55-8F80-FB261DC46CF2}.Release|Any CPU.Build.0 = Release|Any CPU
		{81EC2B8D-4C3F-4A7C-A15A-37349F906881}.Debug|Any CPU.ActiveCfg = Debug|Any CPU
		{81EC2B8D-4C3F-4A7C-A15A-37349F906881}.Debug|Any CPU.Build.0 = Debug|Any CPU
		{81EC2B8D-4C3F-4A7C-A15A-37349F906881}.Release|Any CPU.ActiveCfg = Release|Any CPU
		{81EC2B8D-4C3F-4A7C-A15A-37349F906881}.Release|Any CPU.Build.0 = Release|Any CPU
		{B590B075-BDBA-4C8E-A2AA-17EFB8318211}.Debug|Any CPU.ActiveCfg = Debug|Any CPU
		{B590B075-BDBA-4C8E-A2AA-17EFB8318211}.Debug|Any CPU.Build.0 = Debug|Any CPU
		{B590B075-BDBA-4C8E-A2AA-17EFB8318211}.Release|Any CPU.ActiveCfg = Release|Any CPU
		{B590B075-BDBA-4C8E-A2AA-17EFB8318211}.Release|Any CPU.Build.0 = Release|Any CPU
	EndGlobalSection
	GlobalSection(NestedProjects) = preSolution
		{FDAF9C14-C4F6-4BD0-B17D-ED99C20BB422} = {E1D683CA-DD7F-4589-BF9C-5C5A1BEF11ED}
		{9A40EA7D-35E0-431F-BE51-252C4A505D46} = {E1D683CA-DD7F-4589-BF9C-5C5A1BEF11ED}
		{F13D9317-265E-4A72-9966-B8722AC5F438} = {E1D683CA-DD7F-4589-BF9C-5C5A1BEF11ED}
		{E1D683CA-DD7F-4589-BF9C-5C5A1BEF11ED} = {644AF7A6-687F-40F0-AA4E-4A6C4C8F2133}
		{1B4D1535-9BFB-4DFF-BEA6-E8550BAD4205} = {86757A6E-2B8C-4663-98AA-6FCD616F0C55}
		{1EEF66E7-7403-4222-A56E-ABEFF1FA2EEF} = {1B4D1535-9BFB-4DFF-BEA6-E8550BAD4205}
		{23143D0C-3922-4B13-8223-898D31AEB948} = {E1D683CA-DD7F-4589-BF9C-5C5A1BEF11ED}
		{1C1D7357-5147-4E2F-A197-239CFA778E38} = {1B4D1535-9BFB-4DFF-BEA6-E8550BAD4205}
		{212E8DAF-AA8E-48B1-A2C2-5771C502112C} = {1B4D1535-9BFB-4DFF-BEA6-E8550BAD4205}
		{2D6CD70D-875C-4DDF-A1B5-B29C19C2A5CE} = {1B4D1535-9BFB-4DFF-BEA6-E8550BAD4205}
		{373B4C57-6779-4350-B2AF-5CB8D682A630} = {B99DE637-2F6E-4786-988C-C77200377C49}
		{D00E718C-E5DB-4C6B-9C51-109E505995CF} = {B99DE637-2F6E-4786-988C-C77200377C49}
		{E02D9E89-728C-4E55-8F80-FB261DC46CF2} = {373B4C57-6779-4350-B2AF-5CB8D682A630}
		{81EC2B8D-4C3F-4A7C-A15A-37349F906881} = {373B4C57-6779-4350-B2AF-5CB8D682A630}
		{B590B075-BDBA-4C8E-A2AA-17EFB8318211} = {D00E718C-E5DB-4C6B-9C51-109E505995CF}
	EndGlobalSection
EndGlobal
